{
  "lockfile_version": "1",
  "packages": {
    "python@3.9": {
      "last_modified": "2024-03-27T09:47:59Z",
      "plugin_version": "0.0.3",
      "resolved": "github:NixOS/nixpkgs/2230a20f2b5a14f2db3d7f13a2dc3c22517e790b#python39",
      "source": "devbox-search",
      "version": "3.9.19",
      "systems": {
        "aarch64-darwin": {
          "outputs": [
            {
              "name": "out",
              "path": "/nix/store/sa5wj6pfs3gr7z489s6352c5cbam8z4d-python3-3.9.19",
              "default": true
            }
          ],
          "store_path": "/nix/store/sa5wj6pfs3gr7z489s6352c5cbam8z4d-python3-3.9.19"
        },
        "aarch64-linux": {
          "outputs": [
            {
              "name": "out",
              "path": "/nix/store/z567ya90i5db02lir1m2rc67a4sa01n7-python3-3.9.19",
              "default": true
            },
            {
              "name": "debug",
              "path": "/nix/store/d0g6d99nlqw8isj63ngpy1v88nz241ki-python3-3.9.19-debug"
            }
          ],
          "store_path": "/nix/store/z567ya90i5db02lir1m2rc67a4sa01n7-python3-3.9.19"
        },
        "x86_64-darwin": {
          "outputs": [
            {
              "name": "out",
              "path": "/nix/store/fzl83ybihpz3y4hyv791rgl2jzzz6q96-python3-3.9.19",
              "default": true
            }
          ],
          "store_path": "/nix/store/fzl83ybihpz3y4hyv791rgl2jzzz6q96-python3-3.9.19"
        },
        "x86_64-linux": {
          "outputs": [
            {
              "name": "out",
              "path": "/nix/store/v4k4ny8p25lb5vy9hnagq5ljw23vrnp8-python3-3.9.19",
              "default": true
            },
            {
              "name": "debug",
              "path": "/nix/store/v130s7qjcsjbm06lgjvih3irra6vdaj7-python3-3.9.19-debug"
            }
          ],
          "store_path": "/nix/store/v4k4ny8p25lb5vy9hnagq5ljw23vrnp8-python3-3.9.19"
        }
      }
    }
  }
}
